
Microsoft Visual Studio Solution File, Format Version 12.00
# Visual Studio Version 17
VisualStudioVersion = 17.5.33424.131
MinimumVisualStudioVersion = 10.0.40219.1
Project("{FAE04EC0-301F-11D3-BF4B-00C04F79EFBC}") = "Segundo_parcial_CRUD", "Segundo_parcial_CRUD.csproj", "{D98AD53A-7FA8-4FEA-8C44-F46DE420EC5E}"
EndProject
Global
	GlobalSection(SolutionConfigurationPlatforms) = preSolution
		Debug|Any CPU = Debug|Any CPU
		Release|Any CPU = Release|Any CPU
	EndGlobalSection
	GlobalSection(ProjectConfigurationPlatforms) = postSolution
		{D98AD53A-7FA8-4FEA-8C44-F46DE420EC5E}.Debug|Any CPU.ActiveCfg = Debug|Any CPU
		{D98AD53A-7FA8-4FEA-8C44-F46DE420EC5E}.Debug|Any CPU.Build.0 = Debug|Any CPU
		{D98AD53A-7FA8-4FEA-8C44-F46DE420EC5E}.Release|Any CPU.ActiveCfg = Release|Any CPU
		{D98AD53A-7FA8-4FEA-8C44-F46DE420EC5E}.Release|Any CPU.Build.0 = Release|Any CPU
	EndGlobalSection
	GlobalSection(SolutionProperties) = preSolution
		HideSolutionNode = FALSE
	EndGlobalSection
	GlobalSection(ExtensibilityGlobals) = postSolution
		SolutionGuid = {FB7B0B03-0E8B-4300-A08E-736DB96BB514}
	EndGlobalSection
EndGlobal
